
Microsoft Visual Studio Solution File, Format Version 12.00
# Visual Studio Version 16
VisualStudioVersion = 16.0.31729.503
MinimumVisualStudioVersion = 10.0.40219.1
Project("{FAE04EC0-301F-11D3-BF4B-00C04F79EFBC}") = "MotoLand", "MotoLand.csproj", "{EAE6F5A7-C537-46A8-9E4B-9DF9EA4CD540}"
EndProject
Global
	GlobalSection(SolutionConfigurationPlatforms) = preSolution
		Debug|Any CPU = Debug|Any CPU
		Release|Any CPU = Release|Any CPU
	EndGlobalSection
	GlobalSection(ProjectConfigurationPlatforms) = postSolution
		{EAE6F5A7-C537-46A8-9E4B-9DF9EA4CD540}.Debug|Any CPU.ActiveCfg = Debug|Any CPU
		{EAE6F5A7-C537-46A8-9E4B-9DF9EA4CD540}.Debug|Any CPU.Build.0 = Debug|Any CPU
		{EAE6F5A7-C537-46A8-9E4B-9DF9EA4CD540}.Release|Any CPU.ActiveCfg = Release|Any CPU
		{EAE6F5A7-C537-46A8-9E4B-9DF9EA4CD540}.Release|Any CPU.Build.0 = Release|Any CPU
	EndGlobalSection
	GlobalSection(SolutionProperties) = preSolution
		HideSolutionNode = FALSE
	EndGlobalSection
	GlobalSection(ExtensibilityGlobals) = postSolution
		SolutionGuid = {3B6029A9-871F-4ECF-83A9-67E6C24FB918}
	EndGlobalSection
EndGlobal
